
Microsoft Visual Studio Solution File, Format Version 12.00
# Visual Studio 15
VisualStudioVersion = 15.0.28307.421
MinimumVisualStudioVersion = 10.0.40219.1
Project("{FAE04EC0-301F-11D3-BF4B-00C04F79EFBC}") = "MvcMovie1", "MvcMovie1\MvcMovie1.csproj", "{A9BBF92A-345C-4BDF-B585-CCA77E77630A}"
EndProject
Global
	GlobalSection(SolutionConfigurationPlatforms) = preSolution
		Debug|Any CPU = Debug|Any CPU
		Release|Any CPU = Release|Any CPU
	EndGlobalSection
	GlobalSection(ProjectConfigurationPlatforms) = postSolution
		{A9BBF92A-345C-4BDF-B585-CCA77E77630A}.Debug|Any CPU.ActiveCfg = Debug|Any CPU
		{A9BBF92A-345C-4BDF-B585-CCA77E77630A}.Debug|Any CPU.Build.0 = Debug|Any CPU
		{A9BBF92A-345C-4BDF-B585-CCA77E77630A}.Release|Any CPU.ActiveCfg = Release|Any CPU
		{A9BBF92A-345C-4BDF-B585-CCA77E77630A}.Release|Any CPU.Build.0 = Release|Any CPU
	EndGlobalSection
	GlobalSection(SolutionProperties) = preSolution
		HideSolutionNode = FALSE
	EndGlobalSection
	GlobalSection(ExtensibilityGlobals) = postSolution
		SolutionGuid = {00455EF5-98DB-48FD-AB6A-A77775E4CF52}
	EndGlobalSection
EndGlobal
